
Microsoft Visual Studio Solution File, Format Version 12.00
# Visual Studio Version 17
VisualStudioVersion = 17.8.34408.163
MinimumVisualStudioVersion = 10.0.40219.1
Project("{FAE04EC0-301F-11D3-BF4B-00C04F79EFBC}") = "TaxiFarePrediction", "TaxiFarePrediction\TaxiFarePrediction.csproj", "{AE7E3079-6CED-4AC0-B08B-806B472A0DAD}"
EndProject
Global
	GlobalSection(SolutionConfigurationPlatforms) = preSolution
		Debug|Any CPU = Debug|Any CPU
		Release|Any CPU = Release|Any CPU
	EndGlobalSection
	GlobalSection(ProjectConfigurationPlatforms) = postSolution
		{AE7E3079-6CED-4AC0-B08B-806B472A0DAD}.Debug|Any CPU.ActiveCfg = Debug|Any CPU
		{AE7E3079-6CED-4AC0-B08B-806B472A0DAD}.Debug|Any CPU.Build.0 = Debug|Any CPU
		{AE7E3079-6CED-4AC0-B08B-806B472A0DAD}.Release|Any CPU.ActiveCfg = Release|Any CPU
		{AE7E3079-6CED-4AC0-B08B-806B472A0DAD}.Release|Any CPU.Build.0 = Release|Any CPU
	EndGlobalSection
	GlobalSection(SolutionProperties) = preSolution
		HideSolutionNode = FALSE
	EndGlobalSection
	GlobalSection(ExtensibilityGlobals) = postSolution
		SolutionGuid = {C41129B0-FC69-4ECC-AB49-DE7611609A2D}
	EndGlobalSection
EndGlobal
